
Microsoft Visual Studio Solution File, Format Version 12.00
# Visual Studio Version 17
VisualStudioVersion = 17.5.002.0
MinimumVisualStudioVersion = 10.0.40219.1
Project("{9A19103F-16F7-4668-BE54-9A1E7A4F7556}") = "EmailCosoleApp", "EmailCosoleApp.csproj", "{D899A595-7DF4-4578-9FCE-48E6C8411915}"
EndProject
Global
	GlobalSection(SolutionConfigurationPlatforms) = preSolution
		Debug|Any CPU = Debug|Any CPU
		Release|Any CPU = Release|Any CPU
	EndGlobalSection
	GlobalSection(ProjectConfigurationPlatforms) = postSolution
		{D899A595-7DF4-4578-9FCE-48E6C8411915}.Debug|Any CPU.ActiveCfg = Debug|Any CPU
		{D899A595-7DF4-4578-9FCE-48E6C8411915}.Debug|Any CPU.Build.0 = Debug|Any CPU
		{D899A595-7DF4-4578-9FCE-48E6C8411915}.Release|Any CPU.ActiveCfg = Release|Any CPU
		{D899A595-7DF4-4578-9FCE-48E6C8411915}.Release|Any CPU.Build.0 = Release|Any CPU
	EndGlobalSection
	GlobalSection(SolutionProperties) = preSolution
		HideSolutionNode = FALSE
	EndGlobalSection
	GlobalSection(ExtensibilityGlobals) = postSolution
		SolutionGuid = {1984A2F5-9DA3-4BC5-99C0-C60A5755DD31}
	EndGlobalSection
EndGlobal
